
Microsoft Visual Studio Solution File, Format Version 12.00
# Visual Studio Version 17
VisualStudioVersion = 17.8.34408.163
MinimumVisualStudioVersion = 10.0.40219.1
Project("{FAE04EC0-301F-11D3-BF4B-00C04F79EFBC}") = "bank-app-backend", "bank-app-backend\bank-app-backend.csproj", "{AB3E38F1-4878-4EF4-950D-5DD18D7DC55A}"
EndProject
Project("{FAE04EC0-301F-11D3-BF4B-00C04F79EFBC}") = "bank-app-frontend", "bank-app-frontend\bank-app-frontend.csproj", "{A215B194-0385-49D3-AEE8-9C18D0D2CD63}"
EndProject
Project("{FAE04EC0-301F-11D3-BF4B-00C04F79EFBC}") = "BankTrackingSystem", "BankTrackingSystem\BankTrackingSystem.csproj", "{FC4C0BD3-06F0-431F-AE16-90E1B743AB10}"
EndProject
Project("{E53339B2-1760-4266-BCC7-CA923CBCF16C}") = "docker-compose", "docker-compose.dcproj", "{96DEE320-03A1-4734-A1A9-5E02DAC5FC7A}"
EndProject
Global
	GlobalSection(SolutionConfigurationPlatforms) = preSolution
		Debug|Any CPU = Debug|Any CPU
		Release|Any CPU = Release|Any CPU
	EndGlobalSection
	GlobalSection(ProjectConfigurationPlatforms) = postSolution
		{AB3E38F1-4878-4EF4-950D-5DD18D7DC55A}.Debug|Any CPU.ActiveCfg = Debug|Any CPU
		{AB3E38F1-4878-4EF4-950D-5DD18D7DC55A}.Debug|Any CPU.Build.0 = Debug|Any CPU
		{AB3E38F1-4878-4EF4-950D-5DD18D7DC55A}.Release|Any CPU.ActiveCfg = Release|Any CPU
		{AB3E38F1-4878-4EF4-950D-5DD18D7DC55A}.Release|Any CPU.Build.0 = Release|Any CPU
		{A215B194-0385-49D3-AEE8-9C18D0D2CD63}.Debug|Any CPU.ActiveCfg = Debug|Any CPU
		{A215B194-0385-49D3-AEE8-9C18D0D2CD63}.Debug|Any CPU.Build.0 = Debug|Any CPU
		{A215B194-0385-49D3-AEE8-9C18D0D2CD63}.Release|Any CPU.ActiveCfg = Release|Any CPU
		{A215B194-0385-49D3-AEE8-9C18D0D2CD63}.Release|Any CPU.Build.0 = Release|Any CPU
		{FC4C0BD3-06F0-431F-AE16-90E1B743AB10}.Debug|Any CPU.ActiveCfg = Debug|Any CPU
		{FC4C0BD3-06F0-431F-AE16-90E1B743AB10}.Debug|Any CPU.Build.0 = Debug|Any CPU
		{FC4C0BD3-06F0-431F-AE16-90E1B743AB10}.Release|Any CPU.ActiveCfg = Release|Any CPU
		{FC4C0BD3-06F0-431F-AE16-90E1B743AB10}.Release|Any CPU.Build.0 = Release|Any CPU
		{96DEE320-03A1-4734-A1A9-5E02DAC5FC7A}.Debug|Any CPU.ActiveCfg = Debug|Any CPU
		{96DEE320-03A1-4734-A1A9-5E02DAC5FC7A}.Debug|Any CPU.Build.0 = Debug|Any CPU
		{96DEE320-03A1-4734-A1A9-5E02DAC5FC7A}.Release|Any CPU.ActiveCfg = Release|Any CPU
		{96DEE320-03A1-4734-A1A9-5E02DAC5FC7A}.Release|Any CPU.Build.0 = Release|Any CPU
	EndGlobalSection
	GlobalSection(SolutionProperties) = preSolution
		HideSolutionNode = FALSE
	EndGlobalSection
	GlobalSection(ExtensibilityGlobals) = postSolution
		SolutionGuid = {92FE193B-20C0-4B3C-8676-7D61B0C5DFB7}
	EndGlobalSection
EndGlobal
